
Microsoft Visual Studio Solution File, Format Version 12.00
# Visual Studio 15
VisualStudioVersion = 15.0.27130.2024
MinimumVisualStudioVersion = 10.0.40219.1
Project("{FAE04EC0-301F-11D3-BF4B-00C04F79EFBC}") = "EntPerfService", "EntPerfService\EntPerfService.csproj", "{D583A6C9-38EF-48D5-8E13-AC6C119F1F3B}"
EndProject
Project("{54435603-DBB4-11D2-8724-00A0C9A8B90C}") = "ENT Perf Service Setup", "ENT Perf Service Setup\ENT Perf Service Setup.vdproj", "{EF234AD2-52A8-4E0F-B831-6C1A45CC3F28}"
EndProject
Global
	GlobalSection(SolutionConfigurationPlatforms) = preSolution
		Debug|Any CPU = Debug|Any CPU
		Release|Any CPU = Release|Any CPU
	EndGlobalSection
	GlobalSection(ProjectConfigurationPlatforms) = postSolution
		{D583A6C9-38EF-48D5-8E13-AC6C119F1F3B}.Debug|Any CPU.ActiveCfg = Debug|Any CPU
		{D583A6C9-38EF-48D5-8E13-AC6C119F1F3B}.Debug|Any CPU.Build.0 = Debug|Any CPU
		{D583A6C9-38EF-48D5-8E13-AC6C119F1F3B}.Release|Any CPU.ActiveCfg = Release|Any CPU
		{D583A6C9-38EF-48D5-8E13-AC6C119F1F3B}.Release|Any CPU.Build.0 = Release|Any CPU
		{EF234AD2-52A8-4E0F-B831-6C1A45CC3F28}.Debug|Any CPU.ActiveCfg = Debug
		{EF234AD2-52A8-4E0F-B831-6C1A45CC3F28}.Release|Any CPU.ActiveCfg = Release
	EndGlobalSection
	GlobalSection(SolutionProperties) = preSolution
		HideSolutionNode = FALSE
	EndGlobalSection
	GlobalSection(ExtensibilityGlobals) = postSolution
		SolutionGuid = {5DB16631-4ADA-4D3B-ACE9-05BA909C9E35}
	EndGlobalSection
EndGlobal
